Microsoft Visual Studio Solution File, Format Version 12.00
# Visual Studio 15
VisualStudioVersion = 15.0.26730.12
MinimumVisualStudioVersion = 10.0.40219.1
Project("{FAE04EC0-301F-11D3-BF4B-00C04F79EFBC}") = "MonkeyFeast.Desktop", "MonkeyFeast.Desktop\MonkeyFeast.Desktop.csproj", "{A90AD40C-D181-4482-B631-E8ACA2D245B7}"
EndProject
Project("{FAE04EC0-301F-11D3-BF4B-00C04F79EFBC}") = "MonkeyFeast.iOS", "MonkeyFeast.iOS\MonkeyFeast.iOS.csproj", "{6F2394C8-234D-43F1-81D6-C5E02F63FABB}"
EndProject
Project("{FAE04EC0-301F-11D3-BF4B-00C04F79EFBC}") = "MonkeyFeast.Droid", "MonkeyFeast.Droid\MonkeyFeast.Droid.csproj", "{B4AAD332-D35C-4C99-81B6-9569ABBCFB1D}"
EndProject
Project("{FAE04EC0-301F-11D3-BF4B-00C04F79EFBC}") = "MonkeyFeast.UWP", "MonkeyFeast.UWP\MonkeyFeast.UWP.csproj", "{F81DAF1A-69A5-4696-BBE5-990110A81501}"
EndProject
Project("{FAE04EC0-301F-11D3-BF4B-00C04F79EFBC}") = "MonkeyFeast.PCL", "MonkeyFeast.PCL\MonkeyFeast.PCL.csproj", "{39A83F74-EAEF-4412-847F-9246709C492E}"
EndProject
Project("{D954291E-2A0B-460D-934E-DC6B0785DB48}") = "MonkeyFeast.Shared", "MonkeyFeast.Shared\MonkeyFeast.Shared.shproj", "{A0CDBD0E-3A41-42B7-9425-A838BC2C7383}"
EndProject
Global
	GlobalSection(SharedMSBuildProjectFiles) = preSolution
		MonkeyFeast.Shared\MonkeyFeast.Shared.projitems*{39a83f74-eaef-4412-847f-9246709c492e}*SharedItemsImports = 4
		MonkeyFeast.Shared\MonkeyFeast.Shared.projitems*{6f2394c8-234d-43f1-81d6-c5e02f63fabb}*SharedItemsImports = 4
		MonkeyFeast.Shared\MonkeyFeast.Shared.projitems*{a0cdbd0e-3a41-42b7-9425-a838bc2c7383}*SharedItemsImports = 13
		MonkeyFeast.Shared\MonkeyFeast.Shared.projitems*{a90ad40c-d181-4482-b631-e8aca2d245b7}*SharedItemsImports = 4
		MonkeyFeast.Shared\MonkeyFeast.Shared.projitems*{b4aad332-d35c-4c99-81b6-9569abbcfb1d}*SharedItemsImports = 4
		MonkeyFeast.Shared\MonkeyFeast.Shared.projitems*{f81daf1a-69a5-4696-bbe5-990110a81501}*SharedItemsImports = 4
	EndGlobalSection
	GlobalSection(SolutionConfigurationPlatforms) = preSolution
		Ad-Hoc|Any CPU = Ad-Hoc|Any CPU
		Ad-Hoc|ARM = Ad-Hoc|ARM
		Ad-Hoc|iPhone = Ad-Hoc|iPhone
		Ad-Hoc|iPhoneSimulator = Ad-Hoc|iPhoneSimulator
		Ad-Hoc|x64 = Ad-Hoc|x64
		Ad-Hoc|x86 = Ad-Hoc|x86
		AppStore|Any CPU = AppStore|Any CPU
		AppStore|ARM = AppStore|ARM
		AppStore|iPhone = AppStore|iPhone
		AppStore|iPhoneSimulator = AppStore|iPhoneSimulator
		AppStore|x64 = AppStore|x64
		AppStore|x86 = AppStore|x86
		Debug|Any CPU = Debug|Any CPU
		Debug|ARM = Debug|ARM
		Debug|iPhone = Debug|iPhone
		Debug|iPhoneSimulator = Debug|iPhoneSimulator
		Debug|x64 = Debug|x64
		Debug|x86 = Debug|x86
		Release|Any CPU = Release|Any CPU
		Release|ARM = Release|ARM
		Release|iPhone = Release|iPhone
		Release|iPhoneSimulator = Release|iPhoneSimulator
		Release|x64 = Release|x64
		Release|x86 = Release|x86
	EndGlobalSection
	GlobalSection(ProjectConfigurationPlatforms) = postSolution
		{A90AD40C-D181-4482-B631-E8ACA2D245B7}.Ad-Hoc|Any CPU.ActiveCfg = Release|x86
		{A90AD40C-D181-4482-B631-E8ACA2D245B7}.Ad-Hoc|Any CPU.Build.0 = Release|x86
		{A90AD40C-D181-4482-B631-E8ACA2D245B7}.Ad-Hoc|ARM.ActiveCfg = Debug|x86
		{A90AD40C-D181-4482-B631-E8ACA2D245B7}.Ad-Hoc|ARM.Build.0 = Debug|x86
		{A90AD40C-D181-4482-B631-E8ACA2D245B7}.Ad-Hoc|iPhone.ActiveCfg = Release|x86
		{A90AD40C-D181-4482-B631-E8ACA2D245B7}.Ad-Hoc|iPhone.Build.0 = Release|x86
		{A90AD40C-D181-4482-B631-E8ACA2D245B7}.Ad-Hoc|iPhoneSimulator.ActiveCfg = Release|x86
		{A90AD40C-D181-4482-B631-E8ACA2D245B7}.Ad-Hoc|iPhoneSimulator.Build.0 = Release|x86
		{A90AD40C-D181-4482-B631-E8ACA2D245B7}.Ad-Hoc|x64.ActiveCfg = Debug|x86
		{A90AD40C-D181-4482-B631-E8ACA2D245B7}.Ad-Hoc|x64.Build.0 = Debug|x86
		{A90AD40C-D181-4482-B631-E8ACA2D245B7}.Ad-Hoc|x86.ActiveCfg = Release|x86
		{A90AD40C-D181-4482-B631-E8ACA2D245B7}.Ad-Hoc|x86.Build.0 = Release|x86
		{A90AD40C-D181-4482-B631-E8ACA2D245B7}.AppStore|Any CPU.ActiveCfg = Release|x86
		{A90AD40C-D181-4482-B631-E8ACA2D245B7}.AppStore|Any CPU.Build.0 = Release|x86
		{A90AD40C-D181-4482-B631-E8ACA2D245B7}.AppStore|ARM.ActiveCfg = Debug|x86
		{A90AD40C-D181-4482-B631-E8ACA2D245B7}.AppStore|ARM.Build.0 = Debug|x86
		{A90AD40C-D181-4482-B631-E8ACA2D245B7}.AppStore|iPhone.ActiveCfg = Release|x86
		{A90AD40C-D181-4482-B631-E8ACA2D245B7}.AppStore|iPhone.Build.0 = Release|x86
		{A90AD40C-D181-4482-B631-E8ACA2D245B7}.AppStore|iPhoneSimulator.ActiveCfg = Release|x86
		{A90AD40C-D181-4482-B631-E8ACA2D245B7}.AppStore|iPhoneSimulator.Build.0 = Release|x86
		{A90AD40C-D181-4482-B631-E8ACA2D245B7}.AppStore|x64.ActiveCfg = Debug|x86
		{A90AD40C-D181-4482-B631-E8ACA2D245B7}.AppStore|x64.Build.0 = Debug|x86
		{A90AD40C-D181-4482-B631-E8ACA2D245B7}.AppStore|x86.ActiveCfg = Release|x86
		{A90AD40C-D181-4482-B631-E8ACA2D245B7}.AppStore|x86.Build.0 = Release|x86
		{A90AD40C-D181-4482-B631-E8ACA2D245B7}.Debug|Any CPU.ActiveCfg = Debug|x86
		{A90AD40C-D181-4482-B631-E8ACA2D245B7}.Debug|ARM.ActiveCfg = Debug|x86
		{A90AD40C-D181-4482-B631-E8ACA2D245B7}.Debug|iPhone.ActiveCfg = Debug|x86
		{A90AD40C-D181-4482-B631-E8ACA2D245B7}.Debug|iPhone.Build.0 = Debug|x86
		{A90AD40C-D181-4482-B631-E8ACA2D245B7}.Debug|iPhoneSimulator.ActiveCfg = Debug|x86
		{A90AD40C-D181-4482-B631-E8ACA2D245B7}.Debug|iPhoneSimulator.Build.0 = Debug|x86
		{A90AD40C-D181-4482-B631-E8ACA2D245B7}.Debug|x64.ActiveCfg = Debug|x86
		{A90AD40C-D181-4482-B631-E8ACA2D245B7}.Debug|x86.ActiveCfg = Debug|x86
		{A90AD40C-D181-4482-B631-E8ACA2D245B7}.Debug|x86.Build.0 = Debug|x86
		{A90AD40C-D181-4482-B631-E8ACA2D245B7}.Release|Any CPU.ActiveCfg = Release|x86
		{A90AD40C-D181-4482-B631-E8ACA2D245B7}.Release|ARM.ActiveCfg = Release|x86
		{A90AD40C-D181-4482-B631-E8ACA2D245B7}.Release|iPhone.ActiveCfg = Release|x86
		{A90AD40C-D181-4482-B631-E8ACA2D245B7}.Release|iPhone.Build.0 = Release|x86
		{A90AD40C-D181-4482-B631-E8ACA2D245B7}.Release|iPhoneSimulator.ActiveCfg = Release|x86
		{A90AD40C-D181-4482-B631-E8ACA2D245B7}.Release|iPhoneSimulator.Build.0 = Release|x86
		{A90AD40C-D181-4482-B631-E8ACA2D245B7}.Release|x64.ActiveCfg = Release|x86
		{A90AD40C-D181-4482-B631-E8ACA2D245B7}.Release|x86.ActiveCfg = Release|x86
		{A90AD40C-D181-4482-B631-E8ACA2D245B7}.Release|x86.Build.0 = Release|x86
		{6F2394C8-234D-43F1-81D6-C5E02F63FABB}.Ad-Hoc|Any CPU.ActiveCfg = Release|iPhone
		{6F2394C8-234D-43F1-81D6-C5E02F63FABB}.Ad-Hoc|Any CPU.Build.0 = Release|iPhone
		{6F2394C8-234D-43F1-81D6-C5E02F63FABB}.Ad-Hoc|ARM.ActiveCfg = Debug|iPhone
		{6F2394C8-234D-43F1-81D6-C5E02F63FABB}.Ad-Hoc|ARM.Build.0 = Debug|iPhone
		{6F2394C8-234D-43F1-81D6-C5E02F63FABB}.Ad-Hoc|iPhone.ActiveCfg = Release|iPhone
		{6F2394C8-234D-43F1-81D6-C5E02F63FABB}.Ad-Hoc|iPhone.Build.0 = Release|iPhone
		{6F2394C8-234D-43F1-81D6-C5E02F63FABB}.Ad-Hoc|iPhoneSimulator.ActiveCfg = Release|iPhoneSimulator
		{6F2394C8-234D-43F1-81D6-C5E02F63FABB}.Ad-Hoc|iPhoneSimulator.Build.0 = Release|iPhoneSimulator
		{6F2394C8-234D-43F1-81D6-C5E02F63FABB}.Ad-Hoc|x64.ActiveCfg = Debug|iPhone
		{6F2394C8-234D-43F1-81D6-C5E02F63FABB}.Ad-Hoc|x64.Build.0 = Debug|iPhone
		{6F2394C8-234D-43F1-81D6-C5E02F63FABB}.Ad-Hoc|x86.ActiveCfg = Release|iPhone
		{6F2394C8-234D-43F1-81D6-C5E02F63FABB}.Ad-Hoc|x86.Build.0 = Release|iPhone
		{6F2394C8-234D-43F1-81D6-C5E02F63FABB}.AppStore|Any CPU.ActiveCfg = Release|iPhone
		{6F2394C8-234D-43F1-81D6-C5E02F63FABB}.AppStore|Any CPU.Build.0 = Release|iPhone
		{6F2394C8-234D-43F1-81D6-C5E02F63FABB}.AppStore|ARM.ActiveCfg = Debug|iPhone
		{6F2394C8-234D-43F1-81D6-C5E02F63FABB}.AppStore|ARM.Build.0 = Debug|iPhone
		{6F2394C8-234D-43F1-81D6-C5E02F63FABB}.AppStore|iPhone.ActiveCfg = Release|iPhone
		{6F2394C8-234D-43F1-81D6-C5E02F63FABB}.AppStore|iPhone.Build.0 = Release|iPhone
		{6F2394C8-234D-43F1-81D6-C5E02F63FABB}.AppStore|iPhoneSimulator.ActiveCfg = Release|iPhoneSimulator
		{6F2394C8-234D-43F1-81D6-C5E02F63FABB}.AppStore|iPhoneSimulator.Build.0 = Release|iPhoneSimulator
		{6F2394C8-234D-43F1-81D6-C5E02F63FABB}.AppStore|x64.ActiveCfg = Debug|iPhone
		{6F2394C8-234D-43F1-81D6-C5E02F63FABB}.AppStore|x64.Build.0 = Debug|iPhone
		{6F2394C8-234D-43F1-81D6-C5E02F63FABB}.AppStore|x86.ActiveCfg = Release|iPhone
		{6F2394C8-234D-43F1-81D6-C5E02F63FABB}.AppStore|x86.Build.0 = Release|iPhone
		{6F2394C8-234D-43F1-81D6-C5E02F63FABB}.Debug|Any CPU.ActiveCfg = Debug|iPhoneSimulator
		{6F2394C8-234D-43F1-81D6-C5E02F63FABB}.Debug|ARM.ActiveCfg = Debug|iPhone
		{6F2394C8-234D-43F1-81D6-C5E02F63FABB}.Debug|iPhone.ActiveCfg = Debug|iPhone
		{6F2394C8-234D-43F1-81D6-C5E02F63FABB}.Debug|iPhone.Build.0 = Debug|iPhone
		{6F2394C8-234D-43F1-81D6-C5E02F63FABB}.Debug|iPhoneSimulator.ActiveCfg = Debug|iPhoneSimulator
		{6F2394C8-234D-43F1-81D6-C5E02F63FABB}.Debug|iPhoneSimulator.Build.0 = Debug|iPhoneSimulator
		{6F2394C8-234D-43F1-81D6-C5E02F63FABB}.Debug|x64.ActiveCfg = Debug|iPhone
		{6F2394C8-234D-43F1-81D6-C5E02F63FABB}.Debug|x86.ActiveCfg = Debug|iPhoneSimulator
		{6F2394C8-234D-43F1-81D6-C5E02F63FABB}.Debug|x86.Build.0 = Debug|iPhoneSimulator
		{6F2394C8-234D-43F1-81D6-C5E02F63FABB}.Release|Any CPU.ActiveCfg = Release|iPhoneSimulator
		{6F2394C8-234D-43F1-81D6-C5E02F63FABB}.Release|ARM.ActiveCfg = Release|iPhoneSimulator
		{6F2394C8-234D-43F1-81D6-C5E02F63FABB}.Release|iPhone.ActiveCfg = Release|iPhone
		{6F2394C8-234D-43F1-81D6-C5E02F63FABB}.Release|iPhone.Build.0 = Release|iPhone
		{6F2394C8-234D-43F1-81D6-C5E02F63FABB}.Release|iPhoneSimulator.ActiveCfg = Release|iPhoneSimulator
		{6F2394C8-234D-43F1-81D6-C5E02F63FABB}.Release|iPhoneSimulator.Build.0 = Release|iPhoneSimulator
		{6F2394C8-234D-43F1-81D6-C5E02F63FABB}.Release|x64.ActiveCfg = Release|iPhoneSimulator
		{6F2394C8-234D-43F1-81D6-C5E02F63FABB}.Release|x86.ActiveCfg = Release|iPhone
		{6F2394C8-234D-43F1-81D6-C5E02F63FABB}.Release|x86.Build.0 = Release|iPhone
		{B4AAD332-D35C-4C99-81B6-9569ABBCFB1D}.Ad-Hoc|Any CPU.ActiveCfg = Release|Any CPU
		{B4AAD332-D35C-4C99-81B6-9569ABBCFB1D}.Ad-Hoc|Any CPU.Build.0 = Release|Any CPU
		{B4AAD332-D35C-4C99-81B6-9569ABBCFB1D}.Ad-Hoc|Any CPU.Deploy.0 = Release|Any CPU
		{B4AAD332-D35C-4C99-81B6-9569ABBCFB1D}.Ad-Hoc|ARM.ActiveCfg = Debug|Any CPU
		{B4AAD332-D35C-4C99-81B6-9569ABBCFB1D}.Ad-Hoc|ARM.Build.0 = Debug|Any CPU
		{B4AAD332-D35C-4C99-81B6-9569ABBCFB1D}.Ad-Hoc|ARM.Deploy.0 = Debug|Any CPU
		{B4AAD332-D35C-4C99-81B6-9569ABBCFB1D}.Ad-Hoc|iPhone.ActiveCfg = Release|Any CPU
		{B4AAD332-D35C-4C99-81B6-9569ABBCFB1D}.Ad-Hoc|iPhone.Build.0 = Release|Any CPU
		{B4AAD332-D35C-4C99-81B6-9569ABBCFB1D}.Ad-Hoc|iPhone.Deploy.0 = Release|Any CPU
		{B4AAD332-D35C-4C99-81B6-9569ABBCFB1D}.Ad-Hoc|iPhoneSimulator.ActiveCfg = Release|Any CPU
		{B4AAD332-D35C-4C99-81B6-9569ABBCFB1D}.Ad-Hoc|iPhoneSimulator.Build.0 = Release|Any CPU
		{B4AAD332-D35C-4C99-81B6-9569ABBCFB1D}.Ad-Hoc|iPhoneSimulator.Deploy.0 = Release|Any CPU
		{B4AAD332-D35C-4C99-81B6-9569ABBCFB1D}.Ad-Hoc|x64.ActiveCfg = Debug|Any CPU
		{B4AAD332-D35C-4C99-81B6-9569ABBCFB1D}.Ad-Hoc|x64.Build.0 = Debug|Any CPU
		{B4AAD332-D35C-4C99-81B6-9569ABBCFB1D}.Ad-Hoc|x64.Deploy.0 = Debug|Any CPU
		{B4AAD332-D35C-4C99-81B6-9569ABBCFB1D}.Ad-Hoc|x86.ActiveCfg = Release|Any CPU
		{B4AAD332-D35C-4C99-81B6-9569ABBCFB1D}.Ad-Hoc|x86.Build.0 = Release|Any CPU
		{B4AAD332-D35C-4C99-81B6-9569ABBCFB1D}.Ad-Hoc|x86.Deploy.0 = Release|Any CPU
		{B4AAD332-D35C-4C99-81B6-9569ABBCFB1D}.AppStore|Any CPU.ActiveCfg = Release|Any CPU
		{B4AAD332-D35C-4C99-81B6-9569ABBCFB1D}.AppStore|Any CPU.Build.0 = Release|Any CPU
		{B4AAD332-D35C-4C99-81B6-9569ABBCFB1D}.AppStore|Any CPU.Deploy.0 = Release|Any CPU
		{B4AAD332-D35C-4C99-81B6-9569ABBCFB1D}.AppStore|ARM.ActiveCfg = Debug|Any CPU
		{B4AAD332-D35C-4C99-81B6-9569ABBCFB1D}.AppStore|ARM.Build.0 = Debug|Any CPU
		{B4AAD332-D35C-4C99-81B6-9569ABBCFB1D}.AppStore|ARM.Deploy.0 = Debug|Any CPU
		{B4AAD332-D35C-4C99-81B6-9569ABBCFB1D}.AppStore|iPhone.ActiveCfg = Release|Any CPU
		{B4AAD332-D35C-4C99-81B6-9569ABBCFB1D}.AppStore|iPhone.Build.0 = Release|Any CPU
		{B4AAD332-D35C-4C99-81B6-9569ABBCFB1D}.AppStore|iPhone.Deploy.0 = Release|Any CPU
		{B4AAD332-D35C-4C99-81B6-9569ABBCFB1D}.AppStore|iPhoneSimulator.ActiveCfg = Release|Any CPU
		{B4AAD332-D35C-4C99-81B6-9569ABBCFB1D}.AppStore|iPhoneSimulator.Build.0 = Release|Any CPU
		{B4AAD332-D35C-4C99-81B6-9569ABBCFB1D}.AppStore|iPhoneSimulator.Deploy.0 = Release|Any CPU
		{B4AAD332-D35C-4C99-81B6-9569ABBCFB1D}.AppStore|x64.ActiveCfg = Debug|Any CPU
		{B4AAD332-D35C-4C99-81B6-9569ABBCFB1D}.AppStore|x64.Build.0 = Debug|Any CPU
		{B4AAD332-D35C-4C99-81B6-9569ABBCFB1D}.AppStore|x64.Deploy.0 = Debug|Any CPU
		{B4AAD332-D35C-4C99-81B6-9569ABBCFB1D}.AppStore|x86.ActiveCfg = Release|Any CPU
		{B4AAD332-D35C-4C99-81B6-9569ABBCFB1D}.AppStore|x86.Build.0 = Release|Any CPU
		{B4AAD332-D35C-4C99-81B6-9569ABBCFB1D}.AppStore|x86.Deploy.0 = Release|Any CPU
		{B4AAD332-D35C-4C99-81B6-9569ABBCFB1D}.Debug|Any CPU.ActiveCfg = Debug|Any CPU
		{B4AAD332-D35C-4C99-81B6-9569ABBCFB1D}.Debug|Any CPU.Build.0 = Debug|Any CPU
		{B4AAD332-D35C-4C99-81B6-9569ABBCFB1D}.Debug|Any CPU.Deploy.0 = Debug|Any CPU
		{B4AAD332-D35C-4C99-81B6-9569ABBCFB1D}.Debug|ARM.ActiveCfg = Debug|Any CPU
		{B4AAD332-D35C-4C99-81B6-9569ABBCFB1D}.Debug|ARM.Build.0 = Debug|Any CPU
		{B4AAD332-D35C-4C99-81B6-9569ABBCFB1D}.Debug|ARM.Deploy.0 = Debug|Any CPU
		{B4AAD332-D35C-4C99-81B6-9569ABBCFB1D}.Debug|iPhone.ActiveCfg = Debug|Any CPU
		{B4AAD332-D35C-4C99-81B6-9569ABBCFB1D}.Debug|iPhone.Build.0 = Debug|Any CPU
		{B4AAD332-D35C-4C99-81B6-9569ABBCFB1D}.Debug|iPhone.Deploy.0 = Debug|Any CPU
		{B4AAD332-D35C-4C99-81B6-9569ABBCFB1D}.Debug|iPhoneSimulator.ActiveCfg = Debug|Any CPU
		{B4AAD332-D35C-4C99-81B6-9569ABBCFB1D}.Debug|iPhoneSimulator.Build.0 = Debug|Any CPU
		{B4AAD332-D35C-4C99-81B6-9569ABBCFB1D}.Debug|iPhoneSimulator.Deploy.0 = Debug|Any CPU
		{B4AAD332-D35C-4C99-81B6-9569ABBCFB1D}.Debug|x64.ActiveCfg = Debug|Any CPU
		{B4AAD332-D35C-4C99-81B6-9569ABBCFB1D}.Debug|x64.Build.0 = Debug|Any CPU
		{B4AAD332-D35C-4C99-81B6-9569ABBCFB1D}.Debug|x64.Deploy.0 = Debug|Any CPU
		{B4AAD332-D35C-4C99-81B6-9569ABBCFB1D}.Debug|x86.ActiveCfg = Debug|Any CPU
		{B4AAD332-D35C-4C99-81B6-9569ABBCFB1D}.Debug|x86.Build.0 = Debug|Any CPU
		{B4AAD332-D35C-4C99-81B6-9569ABBCFB1D}.Debug|x86.Deploy.0 = Debug|Any CPU
		{B4AAD332-D35C-4C99-81B6-9569ABBCFB1D}.Release|Any CPU.ActiveCfg = Release|Any CPU
		{B4AAD332-D35C-4C99-81B6-9569ABBCFB1D}.Release|Any CPU.Build.0 = Release|Any CPU
		{B4AAD332-D35C-4C99-81B6-9569ABBCFB1D}.Release|Any CPU.Deploy.0 = Release|Any CPU
		{B4AAD332-D35C-4C99-81B6-9569ABBCFB1D}.Release|ARM.ActiveCfg = Release|Any CPU
		{B4AAD332-D35C-4C99-81B6-9569ABBCFB1D}.Release|ARM.Build.0 = Release|Any CPU
		{B4AAD332-D35C-4C99-81B6-9569ABBCFB1D}.Release|ARM.Deploy.0 = Release|Any CPU
		{B4AAD332-D35C-4C99-81B6-9569ABBCFB1D}.Release|iPhone.ActiveCfg = Release|Any CPU
		{B4AAD332-D35C-4C99-81B6-9569ABBCFB1D}.Release|iPhone.Build.0 = Release|Any CPU
		{B4AAD332-D35C-4C99-81B6-9569ABBCFB1D}.Release|iPhone.Deploy.0 = Release|Any CPU
		{B4AAD332-D35C-4C99-81B6-9569ABBCFB1D}.Release|iPhoneSimulator.ActiveCfg = Release|Any CPU
		{B4AAD332-D35C-4C99-81B6-9569ABBCFB1D}.Release|iPhoneSimulator.Build.0 = Release|Any CPU
		{B4AAD332-D35C-4C99-81B6-9569ABBCFB1D}.Release|iPhoneSimulator.Deploy.0 = Release|Any CPU
		{B4AAD332-D35C-4C99-81B6-9569ABBCFB1D}.Release|x64.ActiveCfg = Release|Any CPU
		{B4AAD332-D35C-4C99-81B6-9569ABBCFB1D}.Release|x64.Build.0 = Release|Any CPU
		{B4AAD332-D35C-4C99-81B6-9569ABBCFB1D}.Release|x64.Deploy.0 = Release|Any CPU
		{B4AAD332-D35C-4C99-81B6-9569ABBCFB1D}.Release|x86.ActiveCfg = Release|Any CPU
		{B4AAD332-D35C-4C99-81B6-9569ABBCFB1D}.Release|x86.Build.0 = Release|Any CPU
		{B4AAD332-D35C-4C99-81B6-9569ABBCFB1D}.Release|x86.Deploy.0 = Release|Any CPU
		{F81DAF1A-69A5-4696-BBE5-990110A81501}.Ad-Hoc|Any CPU.ActiveCfg = Release|x86
		{F81DAF1A-69A5-4696-BBE5-990110A81501}.Ad-Hoc|Any CPU.Build.0 = Release|x86
		{F81DAF1A-69A5-4696-BBE5-990110A81501}.Ad-Hoc|Any CPU.Deploy.0 = Release|x86
		{F81DAF1A-69A5-4696-BBE5-990110A81501}.Ad-Hoc|ARM.ActiveCfg = Release|ARM
		{F81DAF1A-69A5-4696-BBE5-990110A81501}.Ad-Hoc|ARM.Build.0 = Release|ARM
		{F81DAF1A-69A5-4696-BBE5-990110A81501}.Ad-Hoc|ARM.Deploy.0 = Release|ARM
		{F81DAF1A-69A5-4696-BBE5-990110A81501}.Ad-Hoc|iPhone.ActiveCfg = Release|x86
		{F81DAF1A-69A5-4696-BBE5-990110A81501}.Ad-Hoc|iPhone.Build.0 = Release|x86
		{F81DAF1A-69A5-4696-BBE5-990110A81501}.Ad-Hoc|iPhone.Deploy.0 = Release|x86
		{F81DAF1A-69A5-4696-BBE5-990110A81501}.Ad-Hoc|iPhoneSimulator.ActiveCfg = Release|x86
		{F81DAF1A-69A5-4696-BBE5-990110A81501}.Ad-Hoc|iPhoneSimulator.Build.0 = Release|x86
		{F81DAF1A-69A5-4696-BBE5-990110A81501}.Ad-Hoc|iPhoneSimulator.Deploy.0 = Release|x86
		{F81DAF1A-69A5-4696-BBE5-990110A81501}.Ad-Hoc|x64.ActiveCfg = Release|x64
		{F81DAF1A-69A5-4696-BBE5-990110A81501}.Ad-Hoc|x64.Build.0 = Release|x64
		{F81DAF1A-69A5-4696-BBE5-990110A81501}.Ad-Hoc|x64.Deploy.0 = Release|x64
		{F81DAF1A-69A5-4696-BBE5-990110A81501}.Ad-Hoc|x86.ActiveCfg = Release|x86
		{F81DAF1A-69A5-4696-BBE5-990110A81501}.Ad-Hoc|x86.Build.0 = Release|x86
		{F81DAF1A-69A5-4696-BBE5-990110A81501}.Ad-Hoc|x86.Deploy.0 = Release|x86
		{F81DAF1A-69A5-4696-BBE5-990110A81501}.AppStore|Any CPU.ActiveCfg = Release|x86
		{F81DAF1A-69A5-4696-BBE5-990110A81501}.AppStore|Any CPU.Build.0 = Release|x86
		{F81DAF1A-69A5-4696-BBE5-990110A81501}.AppStore|Any CPU.Deploy.0 = Release|x86
		{F81DAF1A-69A5-4696-BBE5-990110A81501}.AppStore|ARM.ActiveCfg = Release|ARM
		{F81DAF1A-69A5-4696-BBE5-990110A81501}.AppStore|ARM.Build.0 = Release|ARM
		{F81DAF1A-69A5-4696-BBE5-990110A81501}.AppStore|ARM.Deploy.0 = Release|ARM
		{F81DAF1A-69A5-4696-BBE5-990110A81501}.AppStore|iPhone.ActiveCfg = Release|x86
		{F81DAF1A-69A5-4696-BBE5-990110A81501}.AppStore|iPhone.Build.0 = Release|x86
		{F81DAF1A-69A5-4696-BBE5-990110A81501}.AppStore|iPhone.Deploy.0 = Release|x86
		{F81DAF1A-69A5-4696-BBE5-990110A81501}.AppStore|iPhoneSimulator.ActiveCfg = Release|x86
		{F81DAF1A-69A5-4696-BBE5-990110A81501}.AppStore|iPhoneSimulator.Build.0 = Release|x86
		{F81DAF1A-69A5-4696-BBE5-990110A81501}.AppStore|iPhoneSimulator.Deploy.0 = Release|x86
		{F81DAF1A-69A5-4696-BBE5-990110A81501}.AppStore|x64.ActiveCfg = Release|x64
		{F81DAF1A-69A5-4696-BBE5-990110A81501}.AppStore|x64.Build.0 = Release|x64
		{F81DAF1A-69A5-4696-BBE5-990110A81501}.AppStore|x64.Deploy.0 = Release|x64
		{F81DAF1A-69A5-4696-BBE5-990110A81501}.AppStore|x86.ActiveCfg = Release|x86
		{F81DAF1A-69A5-4696-BBE5-990110A81501}.AppStore|x86.Build.0 = Release|x86
		{F81DAF1A-69A5-4696-BBE5-990110A81501}.AppStore|x86.Deploy.0 = Release|x86
		{F81DAF1A-69A5-4696-BBE5-990110A81501}.Debug|Any CPU.ActiveCfg = Debug|x86
		{F81DAF1A-69A5-4696-BBE5-990110A81501}.Debug|ARM.ActiveCfg = Debug|ARM
		{F81DAF1A-69A5-4696-BBE5-990110A81501}.Debug|ARM.Build.0 = Debug|ARM
		{F81DAF1A-69A5-4696-BBE5-990110A81501}.Debug|ARM.Deploy.0 = Debug|ARM
		{F81DAF1A-69A5-4696-BBE5-990110A81501}.Debug|iPhone.ActiveCfg = Debug|x86
		{F81DAF1A-69A5-4696-BBE5-990110A81501}.Debug|iPhoneSimulator.ActiveCfg = Debug|x86
		{F81DAF1A-69A5-4696-BBE5-990110A81501}.Debug|iPhoneSimulator.Build.0 = Debug|x86
		{F81DAF1A-69A5-4696-BBE5-990110A81501}.Debug|iPhoneSimulator.Deploy.0 = Debug|x86
		{F81DAF1A-69A5-4696-BBE5-990110A81501}.Debug|x64.ActiveCfg = Debug|x64
		{F81DAF1A-69A5-4696-BBE5-990110A81501}.Debug|x64.Build.0 = Debug|x64
		{F81DAF1A-69A5-4696-BBE5-990110A81501}.Debug|x64.Deploy.0 = Debug|x64
		{F81DAF1A-69A5-4696-BBE5-990110A81501}.Debug|x86.ActiveCfg = Debug|x86
		{F81DAF1A-69A5-4696-BBE5-990110A81501}.Debug|x86.Build.0 = Debug|x86
		{F81DAF1A-69A5-4696-BBE5-990110A81501}.Debug|x86.Deploy.0 = Debug|x86
		{F81DAF1A-69A5-4696-BBE5-990110A81501}.Release|Any CPU.ActiveCfg = Release|x86
		{F81DAF1A-69A5-4696-BBE5-990110A81501}.Release|ARM.ActiveCfg = Release|ARM
		{F81DAF1A-69A5-4696-BBE5-990110A81501}.Release|ARM.Build.0 = Release|ARM
		{F81DAF1A-69A5-4696-BBE5-990110A81501}.Release|ARM.Deploy.0 = Release|ARM
		{F81DAF1A-69A5-4696-BBE5-990110A81501}.Release|iPhone.ActiveCfg = Release|x86
		{F81DAF1A-69A5-4696-BBE5-990110A81501}.Release|iPhoneSimulator.ActiveCfg = Release|x86
		{F81DAF1A-69A5-4696-BBE5-990110A81501}.Release|x64.ActiveCfg = Release|x64
		{F81DAF1A-69A5-4696-BBE5-990110A81501}.Release|x64.Build.0 = Release|x64
		{F81DAF1A-69A5-4696-BBE5-990110A81501}.Release|x64.Deploy.0 = Release|x64
		{F81DAF1A-69A5-4696-BBE5-990110A81501}.Release|x86.ActiveCfg = Release|x86
		{F81DAF1A-69A5-4696-BBE5-990110A81501}.Release|x86.Build.0 = Release|x86
		{F81DAF1A-69A5-4696-BBE5-990110A81501}.Release|x86.Deploy.0 = Release|x86
		{39A83F74-EAEF-4412-847F-9246709C492E}.Ad-Hoc|Any CPU.ActiveCfg = Release|Any CPU
		{39A83F74-EAEF-4412-847F-9246709C492E}.Ad-Hoc|Any CPU.Build.0 = Release|Any CPU
		{39A83F74-EAEF-4412-847F-9246709C492E}.Ad-Hoc|ARM.ActiveCfg = Release|Any CPU
		{39A83F74-EAEF-4412-847F-9246709C492E}.Ad-Hoc|ARM.Build.0 = Release|Any CPU
		{39A83F74-EAEF-4412-847F-9246709C492E}.Ad-Hoc|iPhone.ActiveCfg = Release|Any CPU
		{39A83F74-EAEF-4412-847F-9246709C492E}.Ad-Hoc|iPhone.Build.0 = Release|Any CPU
		{39A83F74-EAEF-4412-847F-9246709C492E}.Ad-Hoc|iPhoneSimulator.ActiveCfg = Release|Any CPU
		{39A83F74-EAEF-4412-847F-9246709C492E}.Ad-Hoc|iPhoneSimulator.Build.0 = Release|Any CPU
		{39A83F74-EAEF-4412-847F-9246709C492E}.Ad-Hoc|x64.ActiveCfg = Release|Any CPU
		{39A83F74-EAEF-4412-847F-9246709C492E}.Ad-Hoc|x64.Build.0 = Release|Any CPU
		{39A83F74-EAEF-4412-847F-9246709C492E}.Ad-Hoc|x86.ActiveCfg = Release|Any CPU
		{39A83F74-EAEF-4412-847F-9246709C492E}.Ad-Hoc|x86.Build.0 = Release|Any CPU
		{39A83F74-EAEF-4412-847F-9246709C492E}.AppStore|Any CPU.ActiveCfg = Release|Any CPU
		{39A83F74-EAEF-4412-847F-9246709C492E}.AppStore|Any CPU.Build.0 = Release|Any CPU
		{39A83F74-EAEF-4412-847F-9246709C492E}.AppStore|ARM.ActiveCfg = Release|Any CPU
		{39A83F74-EAEF-4412-847F-9246709C492E}.AppStore|ARM.Build.0 = Release|Any CPU
		{39A83F74-EAEF-4412-847F-9246709C492E}.AppStore|iPhone.ActiveCfg = Release|Any CPU
		{39A83F74-EAEF-4412-847F-9246709C492E}.AppStore|iPhone.Build.0 = Release|Any CPU
		{39A83F74-EAEF-4412-847F-9246709C492E}.AppStore|iPhoneSimulator.ActiveCfg = Release|Any CPU
		{39A83F74-EAEF-4412-847F-9246709C492E}.AppStore|iPhoneSimulator.Build.0 = Release|Any CPU
		{39A83F74-EAEF-4412-847F-9246709C492E}.AppStore|x64.ActiveCfg = Release|Any CPU
		{39A83F74-EAEF-4412-847F-9246709C492E}.AppStore|x64.Build.0 = Release|Any CPU
		{39A83F74-EAEF-4412-847F-9246709C492E}.AppStore|x86.ActiveCfg = Release|Any CPU
		{39A83F74-EAEF-4412-847F-9246709C492E}.AppStore|x86.Build.0 = Release|Any CPU
		{39A83F74-EAEF-4412-847F-9246709C492E}.Debug|Any CPU.ActiveCfg = Debug|Any CPU
		{39A83F74-EAEF-4412-847F-9246709C492E}.Debug|Any CPU.Build.0 = Debug|Any CPU
		{39A83F74-EAEF-4412-847F-9246709C492E}.Debug|ARM.ActiveCfg = Debug|Any CPU
		{39A83F74-EAEF-4412-847F-9246709C492E}.Debug|ARM.Build.0 = Debug|Any CPU
		{39A83F74-EAEF-4412-847F-9246709C492E}.Debug|iPhone.ActiveCfg = Debug|Any CPU
		{39A83F74-EAEF-4412-847F-9246709C492E}.Debug|iPhone.Build.0 = Debug|Any CPU
		{39A83F74-EAEF-4412-847F-9246709C492E}.Debug|iPhoneSimulator.ActiveCfg = Debug|Any CPU
		{39A83F74-EAEF-4412-847F-9246709C492E}.Debug|iPhoneSimulator.Build.0 = Debug|Any CPU
		{39A83F74-EAEF-4412-847F-9246709C492E}.Debug|x64.ActiveCfg = Debug|Any CPU
		{39A83F74-EAEF-4412-847F-9246709C492E}.Debug|x64.Build.0 = Debug|Any CPU
		{39A83F74-EAEF-4412-847F-9246709C492E}.Debug|x86.ActiveCfg = Debug|Any CPU
		{39A83F74-EAEF-4412-847F-9246709C492E}.Debug|x86.Build.0 = Debug|Any CPU
		{39A83F74-EAEF-4412-847F-9246709C492E}.Release|Any CPU.ActiveCfg = Release|Any CPU
		{39A83F74-EAEF-4412-847F-9246709C492E}.Release|Any CPU.Build.0 = Release|Any CPU
		{39A83F74-EAEF-4412-847F-9246709C492E}.Release|ARM.ActiveCfg = Release|Any CPU
		{39A83F74-EAEF-4412-847F-9246709C492E}.Release|ARM.Build.0 = Release|Any CPU
		{39A83F74-EAEF-4412-847F-9246709C492E}.Release|iPhone.ActiveCfg = Release|Any CPU
		{39A83F74-EAEF-4412-847F-9246709C492E}.Release|iPhone.Build.0 = Release|Any CPU
		{39A83F74-EAEF-4412-847F-9246709C492E}.Release|iPhoneSimulator.ActiveCfg = Release|Any CPU
		{39A83F74-EAEF-4412-847F-9246709C492E}.Release|iPhoneSimulator.Build.0 = Release|Any CPU
		{39A83F74-EAEF-4412-847F-9246709C492E}.Release|x64.ActiveCfg = Release|Any CPU
		{39A83F74-EAEF-4412-847F-9246709C492E}.Release|x64.Build.0 = Release|Any CPU
		{39A83F74-EAEF-4412-847F-9246709C492E}.Release|x86.ActiveCfg = Release|Any CPU
		{39A83F74-EAEF-4412-847F-9246709C492E}.Release|x86.Build.0 = Release|Any CPU
	EndGlobalSection
	GlobalSection(SolutionProperties) = preSolution
		HideSolutionNode = FALSE
	EndGlobalSection
	GlobalSection(ExtensibilityGlobals) = postSolution
		SolutionGuid = {FF70D72C-4329-4071-8443-5965FD1AB120}
	EndGlobalSection
EndGlobal
